
Microsoft Visual Studio Solution File, Format Version 12.00
# Visual Studio Version 16
VisualStudioVersion = 16.0.29215.179
MinimumVisualStudioVersion = 10.0.40219.1
Project("{9A19103F-16F7-4668-BE54-9A1E7A4F7556}") = "IoT.House.Automation.Libraries.Mapper", "IoT.House.Automation.Libraries.Mapper\IoT.House.Automation.Libraries.Mapper.csproj", "{9D0164AF-78E2-4CD4-83F0-CA46A2A25856}"
EndProject
Project("{FAE04EC0-301F-11D3-BF4B-00C04F79EFBC}") = "IoT.House.Automation.Libraries.Database", "IoT.House.Automation.Libraries.Database\IoT.House.Automation.Libraries.Database.csproj", "{962DBFC1-850E-44BF-828B-A25E51A10956}"
EndProject
Global
	GlobalSection(SolutionConfigurationPlatforms) = preSolution
		Debug|Any CPU = Debug|Any CPU
		Release|Any CPU = Release|Any CPU
	EndGlobalSection
	GlobalSection(ProjectConfigurationPlatforms) = postSolution
		{9D0164AF-78E2-4CD4-83F0-CA46A2A25856}.Debug|Any CPU.ActiveCfg = Debug|Any CPU
		{9D0164AF-78E2-4CD4-83F0-CA46A2A25856}.Debug|Any CPU.Build.0 = Debug|Any CPU
		{9D0164AF-78E2-4CD4-83F0-CA46A2A25856}.Release|Any CPU.ActiveCfg = Release|Any CPU
		{9D0164AF-78E2-4CD4-83F0-CA46A2A25856}.Release|Any CPU.Build.0 = Release|Any CPU
		{962DBFC1-850E-44BF-828B-A25E51A10956}.Debug|Any CPU.ActiveCfg = Debug|Any CPU
		{962DBFC1-850E-44BF-828B-A25E51A10956}.Debug|Any CPU.Build.0 = Debug|Any CPU
		{962DBFC1-850E-44BF-828B-A25E51A10956}.Release|Any CPU.ActiveCfg = Release|Any CPU
		{962DBFC1-850E-44BF-828B-A25E51A10956}.Release|Any CPU.Build.0 = Release|Any CPU
	EndGlobalSection
	GlobalSection(SolutionProperties) = preSolution
		HideSolutionNode = FALSE
	EndGlobalSection
	GlobalSection(ExtensibilityGlobals) = postSolution
		SolutionGuid = {75822305-5932-4ABE-BB89-068887622E74}
	EndGlobalSection
EndGlobal
